
Microsoft Visual Studio Solution File, Format Version 12.00
# Visual Studio Version 17
VisualStudioVersion = 17.3.32811.315
MinimumVisualStudioVersion = 10.0.40219.1
Project("{FAE04EC0-301F-11D3-BF4B-00C04F79EFBC}") = "GrpcServices", "GrpcServices\GrpcServices.csproj", "{BC10EF68-97B9-4943-9A57-97DE4CCE51CE}"
EndProject
Global
	GlobalSection(SolutionConfigurationPlatforms) = preSolution
		Debug|Any CPU = Debug|Any CPU
		Release|Any CPU = Release|Any CPU
	EndGlobalSection
	GlobalSection(ProjectConfigurationPlatforms) = postSolution
		{BC10EF68-97B9-4943-9A57-97DE4CCE51CE}.Debug|Any CPU.ActiveCfg = Debug|Any CPU
		{BC10EF68-97B9-4943-9A57-97DE4CCE51CE}.Debug|Any CPU.Build.0 = Debug|Any CPU
		{BC10EF68-97B9-4943-9A57-97DE4CCE51CE}.Release|Any CPU.ActiveCfg = Release|Any CPU
		{BC10EF68-97B9-4943-9A57-97DE4CCE51CE}.Release|Any CPU.Build.0 = Release|Any CPU
	EndGlobalSection
	GlobalSection(SolutionProperties) = preSolution
		HideSolutionNode = FALSE
	EndGlobalSection
	GlobalSection(ExtensibilityGlobals) = postSolution
		SolutionGuid = {3AF526E5-DB8B-4AD4-9D42-D1DC42840EEB}
	EndGlobalSection
EndGlobal
